// !$*UTF8*$!
{
	archiveVersion = 1;
	classes = {
	};
	objectVersion = 46;
	objects = {

/* Begin PBXBuildFile section */
		FBB29AE21C49568F00235832 /* main.m in Sources */ = {isa = PBXBuildFile; fileRef = FBB29AE11C49568F00235832 /* main.m */; };
		FBB29AE51C49568F00235832 /* AppDelegate.m in Sources */ = {isa = PBXBuildFile; fileRef = FBB29AE41C49568F00235832 /* AppDelegate.m */; };
		FBB29AE81C49568F00235832 /* ViewController.m in Sources */ = {isa = PBXBuildFile; fileRef = FBB29AE71C49568F00235832 /* ViewController.m */; };
		FBB29AEB1C49568F00235832 /* Main.storyboard in Resources */ = {isa = PBXBuildFile; fileRef = FBB29AE91C49568F00235832 /* Main.storyboard */; };
		FBB29AEE1C49568F00235832 /* Dropit.xcdatamodeld in Sources */ = {isa = PBXBuildFile; fileRef = FBB29AEC1C49568F00235832 /* Dropit.xcdatamodeld */; };
		FBB29AF01C49568F00235832 /* Assets.xcassets in Resources */ = {isa = PBXBuildFile; fileRef = FBB29AEF1C49568F00235832 /* Assets.xcassets */; };
		FBB29AF31C49568F00235832 /* LaunchScreen.storyboard in Resources */ = {isa = PBXBuildFile; fileRef = FBB29AF11C49568F00235832 /* LaunchScreen.storyboard */; };
		FBB29AFC1C498D8D00235832 /* DropitBehavior.m in Sources */ = {isa = PBXBuildFile; fileRef = FBB29AFB1C498D8D00235832 /* DropitBehavior.m */; };
/* End PBXBuildFile section */

/* Begin PBXFileReference section */
		FBB29ADD1C49568F00235832 /* Dropit.app */ = {isa = PBXFileReference; explicitFileType = wrapper.application; includeInIndex = 0; path = Dropit.app; sourceTree = BUILT_PRODUCTS_DIR; };
		FBB29AE11C49568F00235832 /* main.m */ = {isa = PBXFileReference; lastKnownFileType = sourcecode.c.objc; path = main.m; sourceTree = "<group>"; };
		FBB29AE31C49568F00235832 /* AppDelegate.h */ = {isa = PBXFileReference; lastKnownFileType = sourcecode.c.h; path = AppDelegate.h; sourceTree = "<group>"; };
		FBB29AE41C49568F00235832 /* AppDelegate.m */ = {isa = PBXFileReference; lastKnownFileType = sourcecode.c.objc; path = AppDelegate.m; sourceTree = "<group>"; };
		FBB29AE61C49568F00235832 /* ViewController.h */ = {isa = PBXFileReference; lastKnownFileType = sourcecode.c.h; path = ViewController.h; sourceTree = "<group>"; };
		FBB29AE71C49568F00235832 /* ViewController.m */ = {isa = PBXFileReference; lastKnownFileType = sourcecode.c.objc; path = ViewController.m; sourceTree = "<group>"; };
		FBB29AEA1C49568F00235832 /* Base */ = {isa = PBXFileReference; lastKnownFileType = file.storyboard; name = Base; path = Base.lproj/Main.storyboard; sourceTree = "<group>"; };
		FBB29AED1C49568F00235832 /* Dropit.xcdatamodel */ = {isa = PBXFileReference; lastKnownFileType = wrapper.xcdatamodel; path = Dropit.xcdatamodel; sourceTree = "<group>"; };
		FBB29AEF1C49568F00235832 /* Assets.xcassets */ = {isa = PBXFileReference; lastKnownFileType = folder.assetcatalog; path = Assets.xcassets; sourceTree = "<group>"; };
		FBB29AF21C49568F00235832 /* Base */ = {isa = PBXFileReference; lastKnownFileType = file.storyboard; name = Base; path = Base.lproj/LaunchScreen.storyboard; sourceTree = "<group>"; };
		FBB29AF41C49568F00235832 /* Info.plist */ = {isa = PBXFileReference; lastKnownFileType = text.plist.xml; path = Info.plist; sourceTree = "<group>"; };
		FBB29AFA1C498D8D00235832 /* DropitBehavior.h */ = {isa = PBXFileReference; fileEncoding = 4; lastKnownFileType = sourcecode.c.h; path = DropitBehavior.h; sourceTree = "<group>"; };
		FBB29AFB1C498D8D00235832 /* DropitBehavior.m */ = {isa = PBXFileReference; fileEncoding = 4; lastKnownFileType = sourcecode.c.objc; path = DropitBehavior.m; sourceTree = "<group>"; };
/* End PBXFileReference section */

/* Begin PBXFrameworksBuildPhase section */
		FBB29ADA1C49568F00235832 /* Frameworks */ = {
			isa = PBXFrameworksBuildPhase;
			buildActionMask = 2147483647;
			files = (
			);
			runOnlyForDeploymentPostprocessing = 0;
		};
/* End PBXFrameworksBuildPhase section */

/* Begin PBXGroup section */
		FBB29AD41C49568F00235832 = {
			isa = PBXGroup;
			children = (
				FBB29ADF1C49568F00235832 /* Dropit */,
				FBB29ADE1C49568F00235832 /* Products */,
			);
			sourceTree = "<group>";
		};
		FBB29ADE1C49568F00235832 /* Products */ = {
			isa = PBXGroup;
			children = (
				FBB29ADD1C49568F00235832 /* Dropit.app */,
			);
			name = Products;
			sourceTree = "<group>";
		};
		FBB29ADF1C49568F00235832 /* Dropit */ = {
			isa = PBXGroup;
			children = (
				FBB29AE31C49568F00235832 /* AppDelegate.h */,
				FBB29AE41C49568F00235832 /* AppDelegate.m */,
				FBB29AE61C49568F00235832 /* ViewController.h */,
				FBB29AE71C49568F00235832 /* ViewController.m */,
				FBB29AE91C49568F00235832 /* Main.storyboard */,
				FBB29AFA1C498D8D00235832 /* DropitBehavior.h */,
				FBB29AFB1C498D8D00235832 /* DropitBehavior.m */,
				FBB29AEF1C49568F00235832 /* Assets.xcassets */,
				FBB29AF11C49568F00235832 /* LaunchScreen.storyboard */,
				FBB29AF41C49568F00235832 /* Info.plist */,
				FBB29AEC1C49568F00235832 /* Dropit.xcdatamodeld */,
				FBB29AE01C49568F00235832 /* Supporting Files */,
			);
			path = Dropit;
			sourceTree = "<group>";
		};
		FBB29AE01C49568F00235832 /* Supporting Files */ = {
			isa = PBXGroup;
			children = (
				FBB29AE11C49568F00235832 /* main.m */,
			);
			name = "Supporting Files";
			sourceTree = "<group>";
		};
/* End PBXGroup section */

/* Begin PBXNativeTarget section */
		FBB29ADC1C49568F00235832 /* Dropit */ = {
			isa = PBXNativeTarget;
			buildConfigurationList = FBB29AF71C49568F00235832 /* Build configuration list for PBXNativeTarget "Dropit" */;
			buildPhases = (
				FBB29AD91C49568F00235832 /* Sources */,
				FBB29ADA1C49568F00235832 /* Frameworks */,
				FBB29ADB1C49568F00235832 /* Resources */,
			);
			buildRules = (
			);
			dependencies = (
			);
			name = Dropit;
			productName = Dropit;
			productReference = FBB29ADD1C49568F00235832 /* Dropit.app */;
			productType = "com.apple.product-type.application";
		};
/* End PBXNativeTarget section */

/* Begin PBXProject section */
		FBB29AD51C49568F00235832 /* Project object */ = {
			isa = PBXProject;
			attributes = {
				LastUpgradeCheck = 0720;
				ORGANIZATIONNAME = "Siming Yuan";
				TargetAttributes = {
					FBB29ADC1C49568F00235832 = {
						CreatedOnToolsVersion = 7.2;
						DevelopmentTeam = JXPFNMG2DB;
					};
				};
			};
			buildConfigurationList = FBB29AD81C49568F00235832 /* Build configuration list for PBXProject "Dropit" */;
			compatibilityVersion = "Xcode 3.2";
			developmentRegion = English;
			hasScannedForEncodings = 0;
			knownRegions = (
				en,
				Base,
			);
			mainGroup = FBB29AD41C49568F00235832;
			productRefGroup = FBB29ADE1C49568F00235832 /* Products */;
			projectDirPath = "";
			projectRoot = "";
			targets = (
				FBB29ADC1C49568F00235832 /* Dropit */,
			);
		};
/* End PBXProject section */

/* Begin PBXResourcesBuildPhase section */
		FBB29ADB1C49568F00235832 /* Resources */ = {
			isa = PBXResourcesBuildPhase;
			buildActionMask = 2147483647;
			files = (
				FBB29AF31C49568F00235832 /* LaunchScreen.storyboard in Resources */,
				FBB29AF01C49568F00235832 /* Assets.xcassets in Resources */,
				FBB29AEB1C49568F00235832 /* Main.storyboard in Resources */,
			);
			runOnlyForDeploymentPostprocessing = 0;
		};
/* End PBXResourcesBuildPhase section */

/* Begin PBXSourcesBuildPhase section */
		FBB29AD91C49568F00235832 /* Sources */ = {
			isa = PBXSourcesBuildPhase;
			buildActionMask = 2147483647;
			files = (
				FBB29AE81C49568F00235832 /* ViewController.m in Sources */,
				FBB29AFC1C498D8D00235832 /* DropitBehavior.m in Sources */,
				FBB29AEE1C49568F00235832 /* Dropit.xcdatamodeld in Sources */,
				FBB29AE51C49568F00235832 /* AppDelegate.m in Sources */,
				FBB29AE21C49568F00235832 /* main.m in Sources */,
			);
			runOnlyForDeploymentPostprocessing = 0;
		};
/* End PBXSourcesBuildPhase section */

/* Begin PBXVariantGroup section */
		FBB29AE91C49568F00235832 /* Main.storyboard */ = {
			isa = PBXVariantGroup;
			children = (
				FBB29AEA1C49568F00235832 /* Base */,
			);
			name = Main.storyboard;
			sourceTree = "<group>";
		};
		FBB29AF11C49568F00235832 /* LaunchScreen.storyboard */ = {
			isa = PBXVariantGroup;
			children = (
				FBB29AF21C49568F00235832 /* Base */,
			);
			name = LaunchScreen.storyboard;
			sourceTree = "<group>";
		};
/* End PBXVariantGroup section */

/* Begin XCBuildConfiguration section */
		FBB29AF51C49568F00235832 /* Debug */ = {
			isa = XCBuildConfiguration;
			buildSettings = {
				ALWAYS_SEARCH_USER_PATHS = NO;
				CLANG_CXX_LANGUAGE_STANDARD = "gnu++0x";
				CLANG_CXX_LIBRARY = "libc++";
				CLANG_ENABLE_MODULES = YES;
				CLANG_ENABLE_OBJC_ARC = YES;
				CLANG_WARN_BOOL_CONVERSION = YES;
				CLANG_WARN_CONSTANT_CONVERSION = YES;
				CLANG_WARN_DIRECT_OBJC_ISA_USAGE = YES_ERROR;
				CLANG_WARN_EMPTY_BODY = YES;
				CLANG_WARN_ENUM_CONVERSION = YES;
				CLANG_WARN_INT_CONVERSION = YES;
				CLANG_WARN_OBJC_ROOT_CLASS = YES_ERROR;
				CLANG_WARN_UNREACHABLE_CODE = YES;
				CLANG_WARN__DUPLICATE_METHOD_MATCH = YES;
				"CODE_SIGN_IDENTITY[sdk=iphoneos*]" = "iPhone Developer";
				COPY_PHASE_STRIP = NO;
				DEBUG_INFORMATION_FORMAT = dwarf;
				ENABLE_STRICT_OBJC_MSGSEND = YES;
				ENABLE_TESTABILITY = YES;
				GCC_C_LANGUAGE_STANDARD = gnu99;
				GCC_DYNAMIC_NO_PIC = NO;
				GCC_NO_COMMON_BLOCKS = YES;
				GCC_OPTIMIZATION_LEVEL = 0;
				GCC_PREPROCESSOR_DEFINITIONS = (
					"DEBUG=1",
					"$(inherited)",
				);
				GCC_WARN_64_TO_32_BIT_CONVERSION = YES;
				GCC_WARN_ABOUT_RETURN_TYPE = YES_ERROR;
				GCC_WARN_UNDECLARED_SELECTOR = YES;
				GCC_WARN_UNINITIALIZED_AUTOS = YES_AGGRESSIVE;
				GCC_WARN_UNUSED_FUNCTION = YES;
				GCC_WARN_UNUSED_VARIABLE = YES;
				IPHONEOS_DEPLOYMENT_TARGET = 9.2;
				MTL_ENABLE_DEBUG_INFO = YES;
				ONLY_ACTIVE_ARCH = YES;
				SDKROOT = iphoneos;
				TARGETED_DEVICE_FAMILY = "1,2";
			};
			name = Debug;
		};
		FBB29AF61C49568F00235832 /* Release */ = {
			isa = XCBuildConfiguration;
			buildSettings = {
				ALWAYS_SEARCH_USER_PATHS = NO;
				CLANG_CXX_LANGUAGE_STANDARD = "gnu++0x";
				CLANG_CXX_LIBRARY = "libc++";
				CLANG_ENABLE_MODULES = YES;
				CLANG_ENABLE_OBJC_ARC = YES;
				CLANG_WARN_BOOL_CONVERSION = YES;
				CLANG_WARN_CONSTANT_CONVERSION = YES;
				CLANG_WARN_DIRECT_OBJC_ISA_USAGE = YES_ERROR;
				CLANG_WARN_EMPTY_BODY = YES;
				CLANG_WARN_ENUM_CONVERSION = YES;
				CLANG_WARN_INT_CONVERSION = YES;
				CLANG_WARN_OBJC_ROOT_CLASS = YES_ERROR;
				CLANG_WARN_UNREACHABLE_CODE = YES;
				CLANG_WARN__DUPLICATE_METHOD_MATCH = YES;
				"CODE_SIGN_IDENTITY[sdk=iphoneos*]" = "iPhone Developer";
				COPY_PHASE_STRIP = NO;
				DEBUG_INFORMATION_FORMAT = "dwarf-with-dsym";
				ENABLE_NS_ASSERTIONS = NO;
				ENABLE_STRICT_OBJC_MSGSEND = YES;
				GCC_C_LANGUAGE_STANDARD = gnu99;
				GCC_NO_COMMON_BLOCKS = YES;
				GCC_WARN_64_TO_32_BIT_CONVERSION = YES;
				GCC_WARN_ABOUT_RETURN_TYPE = YES_ERROR;
				GCC_WARN_UNDECLARED_SELECTOR = YES;
				GCC_WARN_UNINITIALIZED_AUTOS = YES_AGGRESSIVE;
				GCC_WARN_UNUSED_FUNCTION = YES;
				GCC_WARN_UNUSED_VARIABLE = YES;
				IPHONEOS_DEPLOYMENT_TARGET = 9.2;
				MTL_ENABLE_DEBUG_INFO = NO;
				SDKROOT = iphoneos;
				TARGETED_DEVICE_FAMILY = "1,2";
				VALIDATE_PRODUCT = YES;
			};
			name = Release;
		};
		FBB29AF81C49568F00235832 /* Debug */ = {
			isa = XCBuildConfiguration;
			buildSettings = {
				ASSETCATALOG_COMPILER_APPICON_NAME = AppIcon;
				INFOPLIST_FILE = Dropit/Info.plist;
				LD_RUNPATH_SEARCH_PATHS = "$(inherited) @executable_path/Frameworks";
				PRODUCT_BUNDLE_IDENTIFIER = nyu.Dropit;
				PRODUCT_NAME = "$(TARGET_NAME)";
			};
			name = Debug;
		};
		FBB29AF91C49568F00235832 /* Release */ = {
			isa = XCBuildConfiguration;
			buildSettings = {
				ASSETCATALOG_COMPILER_APPICON_NAME = AppIcon;
				INFOPLIST_FILE = Dropit/Info.plist;
				LD_RUNPATH_SEARCH_PATHS = "$(inherited) @executable_path/Frameworks";
				PRODUCT_BUNDLE_IDENTIFIER = nyu.Dropit;
				PRODUCT_NAME = "$(TARGET_NAME)";
			};
			name = Release;
		};
/* End XCBuildConfiguration section */

/* Begin XCConfigurationList section */
		FBB29AD81C49568F00235832 /* Build configuration list for PBXProject "Dropit" */ = {
			isa = XCConfigurationList;
			buildConfigurations = (
				FBB29AF51C49568F00235832 /* Debug */,
				FBB29AF61C49568F00235832 /* Release */,
			);
			defaultConfigurationIsVisible = 0;
			defaultConfigurationName = Release;
		};
		FBB29AF71C49568F00235832 /* Build configuration list for PBXNativeTarget "Dropit" */ = {
			isa = XCConfigurationList;
			buildConfigurations = (
				FBB29AF81C49568F00235832 /* Debug */,
				FBB29AF91C49568F00235832 /* Release */,
			);
			defaultConfigurationIsVisible = 0;
		};
/* End XCConfigurationList section */

/* Begin XCVersionGroup section */
		FBB29AEC1C49568F00235832 /* Dropit.xcdatamodeld */ = {
			isa = XCVersionGroup;
			children = (
				FBB29AED1C49568F00235832 /* Dropit.xcdatamodel */,
			);
			currentVersion = FBB29AED1C49568F00235832 /* Dropit.xcdatamodel */;
			path = Dropit.xcdatamodeld;
			sourceTree = "<group>";
			versionGroupType = wrapper.xcdatamodel;
		};
/* End XCVersionGroup section */
	};
	rootObject = FBB29AD51C49568F00235832 /* Project object */;
}
